<?xml version="1.0" encoding="utf-8"?>
<Project ToolsVersion="4.0" xmlns="http://schemas.microsoft.com/developer/msbuild/2003">
  <ItemGroup>
    <Filter Include="Quelldateien">
      <UniqueIdentifier>{4FC737F1-C7A5-4376-A066-2A32D752A2FF}</UniqueIdentifier>
      <Extensions>cpp;c;cc;cxx;def;odl;idl;hpj;bat;asm;asmx</Extensions>
    </Filter>
    <Filter Include="Headerdateien">
      <UniqueIdentifier>{93995380-89BD-4b04-88EB-625FBE52EBFB}</UniqueIdentifier>
      <Extensions>h;hh;hpp;hxx;hm;inl;inc;xsd</Extensions>
    </Filter>
    <Filter Include="Ressourcendateien">
      <UniqueIdentifier>{67DA6AB6-F800-4c08-8B7A-83BB121AAD01}</UniqueIdentifier>
      <Extensions>rc;ico;cur;bmp;dlg;rc2;rct;bin;rgs;gif;jpg;jpeg;jpe;resx;tiff;tif;png;wav;mfcribbon-ms</Extensions>
    </Filter>
    <Filter Include="Headerdateien\Libs">
      <UniqueIdentifier>{8975146e-8855-4974-b57a-cf9d8d2bc3be}</UniqueIdentifier>
    </Filter>
    <Filter Include="Quelldateien\Libs">
      <UniqueIdentifier>{fc4e83c9-ec97-4f3d-a8d8-b185f6afd3ec}</UniqueIdentifier>
    </Filter>
    <Filter Include="Quelldateien\Libs\JTypes">
      <UniqueIdentifier>{899b1706-23da-489c-afeb-40952a4977fb}</UniqueIdentifier>
    </Filter>
  </ItemGroup>
  <ItemGroup>
    <ClInclude Include="source\JDecrypt.h">
      <Filter>Headerdateien</Filter>
    </ClInclude>
    <ClInclude Include="source\CryptAES.h">
      <Filter>Headerdateien\Libs</Filter>
    </ClInclude>
    <ClInclude Include="source\FileIO.h">
      <Filter>Headerdateien\Libs</Filter>
    </ClInclude>
    <ClInclude Include="source\JTypes.h">
      <Filter>Headerdateien\Libs</Filter>
    </ClInclude>
    <ClInclude Include="source\PicoJSON.h">
      <Filter>Headerdateien\Libs</Filter>
    </ClInclude>
    <ClInclude Include="source\HeaderImage.h">
      <Filter>Headerdateien</Filter>
    </ClInclude>
  </ItemGroup>
  <ItemGroup>
    <ClCompile Include="source\Main.cpp">
      <Filter>Quelldateien</Filter>
    </ClCompile>
    <ClCompile Include="source\JDecrypt.cpp">
      <Filter>Quelldateien</Filter>
    </ClCompile>
    <ClCompile Include="source\JHost.cpp">
      <Filter>Quelldateien\Libs\JTypes</Filter>
    </ClCompile>
    <ClCompile Include="source\JAccount.cpp">
      <Filter>Quelldateien\Libs\JTypes</Filter>
    </ClCompile>
    <ClCompile Include="source\CryptAES.cpp">
      <Filter>Quelldateien\Libs</Filter>
    </ClCompile>
    <ClCompile Include="source\FileIO.cpp">
      <Filter>Quelldateien\Libs</Filter>
    </ClCompile>
  </ItemGroup>
</Project>